
Microsoft Visual Studio Solution File, Format Version 12.00
# Visual Studio Version 16
VisualStudioVersion = 16.0.31205.134
MinimumVisualStudioVersion = 10.0.40219.1
Project("{9A19103F-16F7-4668-BE54-9A1E7A4F7556}") = "ShapeExercise", "SquareExercise\ShapeExercise.csproj", "{30B169AC-B394-43DF-BD4D-CD99FD9FBD69}"
EndProject
Global
	GlobalSection(SolutionConfigurationPlatforms) = preSolution
		Debug|Any CPU = Debug|Any CPU
		Release|Any CPU = Release|Any CPU
	EndGlobalSection
	GlobalSection(ProjectConfigurationPlatforms) = postSolution
		{30B169AC-B394-43DF-BD4D-CD99FD9FBD69}.Debug|Any CPU.ActiveCfg = Debug|Any CPU
		{30B169AC-B394-43DF-BD4D-CD99FD9FBD69}.Debug|Any CPU.Build.0 = Debug|Any CPU
		{30B169AC-B394-43DF-BD4D-CD99FD9FBD69}.Release|Any CPU.ActiveCfg = Release|Any CPU
		{30B169AC-B394-43DF-BD4D-CD99FD9FBD69}.Release|Any CPU.Build.0 = Release|Any CPU
	EndGlobalSection
	GlobalSection(SolutionProperties) = preSolution
		HideSolutionNode = FALSE
	EndGlobalSection
	GlobalSection(ExtensibilityGlobals) = postSolution
		SolutionGuid = {9A9472C2-2620-4AF3-95E6-3C0577260217}
	EndGlobalSection
EndGlobal
